// !$*UTF8*$!
{
	archiveVersion = 1;
	classes = {
	};
	objectVersion = 46;
	objects = {

/* Begin PBXBuildFile section */
		E7137C791DCE56D20070BA97 /* AppDelegate.swift in Sources */ = {isa = PBXBuildFile; fileRef = E7137C781DCE56D20070BA97 /* AppDelegate.swift */; };
		E7137C7B1DCE56D20070BA97 /* ViewController.swift in Sources */ = {isa = PBXBuildFile; fileRef = E7137C7A1DCE56D20070BA97 /* ViewController.swift */; };
		E7137C7E1DCE56D20070BA97 /* Main.storyboard in Resources */ = {isa = PBXBuildFile; fileRef = E7137C7C1DCE56D20070BA97 /* Main.storyboard */; };
		E7137C801DCE56D20070BA97 /* Assets.xcassets in Resources */ = {isa = PBXBuildFile; fileRef = E7137C7F1DCE56D20070BA97 /* Assets.xcassets */; };
		E7137C831DCE56D20070BA97 /* LaunchScreen.storyboard in Resources */ = {isa = PBXBuildFile; fileRef = E7137C811DCE56D20070BA97 /* LaunchScreen.storyboard */; };
		E7137C8D1DCE58F10070BA97 /* GestationalAgeCalculator.swift in Sources */ = {isa = PBXBuildFile; fileRef = E7137C8C1DCE58F10070BA97 /* GestationalAgeCalculator.swift */; };
		E7137C8F1DCE87990070BA97 /* BishopScoreCalculator.swift in Sources */ = {isa = PBXBuildFile; fileRef = E7137C8E1DCE87990070BA97 /* BishopScoreCalculator.swift */; };
		E7137C911DCE8DDD0070BA97 /* BMICalculator.swift in Sources */ = {isa = PBXBuildFile; fileRef = E7137C901DCE8DDD0070BA97 /* BMICalculator.swift */; };
		E7137C931DCE95680070BA97 /* WeightConverter.swift in Sources */ = {isa = PBXBuildFile; fileRef = E7137C921DCE95680070BA97 /* WeightConverter.swift */; };
		E7137C951DCEB5DA0070BA97 /* BloodResultsRanges.swift in Sources */ = {isa = PBXBuildFile; fileRef = E7137C941DCEB5DA0070BA97 /* BloodResultsRanges.swift */; };
		E7137C971DCEB7F10070BA97 /* BloodResultsTableCell.swift in Sources */ = {isa = PBXBuildFile; fileRef = E7137C961DCEB7F10070BA97 /* BloodResultsTableCell.swift */; };
		E74B87A61DD347020079DAB9 /* FluidVolumeCalculator.swift in Sources */ = {isa = PBXBuildFile; fileRef = E74B87A51DD347020079DAB9 /* FluidVolumeCalculator.swift */; };
		E74B87A81DD34C210079DAB9 /* FluidBalanceCell.swift in Sources */ = {isa = PBXBuildFile; fileRef = E74B87A71DD34C210079DAB9 /* FluidBalanceCell.swift */; };
		E74B87AA1DD3EAD90079DAB9 /* VenousThromboEmbolismVC.swift in Sources */ = {isa = PBXBuildFile; fileRef = E74B87A91DD3EAD90079DAB9 /* VenousThromboEmbolismVC.swift */; };
		E74B87B11DD5CCAD0079DAB9 /* Algorythm.swift in Sources */ = {isa = PBXBuildFile; fileRef = E74B87B01DD5CCAD0079DAB9 /* Algorythm.swift */; };
		E761B3461DD8F7D6006E17D6 /* VTEScoreCell.swift in Sources */ = {isa = PBXBuildFile; fileRef = E761B3451DD8F7D6006E17D6 /* VTEScoreCell.swift */; };
		E7CE5D711DD5D53D0052116F /* BorderedLabel.swift in Sources */ = {isa = PBXBuildFile; fileRef = E7CE5D701DD5D53D0052116F /* BorderedLabel.swift */; };
		E7CE5D751DD5D7810052116F /* ColouredLabel.swift in Sources */ = {isa = PBXBuildFile; fileRef = E7CE5D741DD5D7810052116F /* ColouredLabel.swift */; };
		E7CE5D771DD5DA520052116F /* DownArrowImage.swift in Sources */ = {isa = PBXBuildFile; fileRef = E7CE5D761DD5DA520052116F /* DownArrowImage.swift */; };
		E7CE5D791DD5DC900052116F /* YesNoSegmentedControl.swift in Sources */ = {isa = PBXBuildFile; fileRef = E7CE5D781DD5DC900052116F /* YesNoSegmentedControl.swift */; };
		E7CE5D7D1DD79F6F0052116F /* QuestionComplex.swift in Sources */ = {isa = PBXBuildFile; fileRef = E7CE5D7C1DD79F6F0052116F /* QuestionComplex.swift */; };
/* End PBXBuildFile section */

/* Begin PBXFileReference section */
		E7137C751DCE56D20070BA97 /* Maternity Care Companion.app */ = {isa = PBXFileReference; explicitFileType = wrapper.application; includeInIndex = 0; path = "Maternity Care Companion.app"; sourceTree = BUILT_PRODUCTS_DIR; };
		E7137C781DCE56D20070BA97 /* AppDelegate.swift */ = {isa = PBXFileReference; lastKnownFileType = sourcecode.swift; path = AppDelegate.swift; sourceTree = "<group>"; };
		E7137C7A1DCE56D20070BA97 /* ViewController.swift */ = {isa = PBXFileReference; lastKnownFileType = sourcecode.swift; path = ViewController.swift; sourceTree = "<group>"; };
		E7137C7D1DCE56D20070BA97 /* Base */ = {isa = PBXFileReference; lastKnownFileType = file.storyboard; name = Base; path = Base.lproj/Main.storyboard; sourceTree = "<group>"; };
		E7137C7F1DCE56D20070BA97 /* Assets.xcassets */ = {isa = PBXFileReference; lastKnownFileType = folder.assetcatalog; path = Assets.xcassets; sourceTree = "<group>"; };
		E7137C821DCE56D20070BA97 /* Base */ = {isa = PBXFileReference; lastKnownFileType = file.storyboard; name = Base; path = Base.lproj/LaunchScreen.storyboard; sourceTree = "<group>"; };
		E7137C841DCE56D20070BA97 /* Info.plist */ = {isa = PBXFileReference; lastKnownFileType = text.plist.xml; path = Info.plist; sourceTree = "<group>"; };
		E7137C8C1DCE58F10070BA97 /* GestationalAgeCalculator.swift */ = {isa = PBXFileReference; fileEncoding = 4; lastKnownFileType = sourcecode.swift; path = GestationalAgeCalculator.swift; sourceTree = "<group>"; };
		E7137C8E1DCE87990070BA97 /* BishopScoreCalculator.swift */ = {isa = PBXFileReference; fileEncoding = 4; lastKnownFileType = sourcecode.swift; path = BishopScoreCalculator.swift; sourceTree = "<group>"; };
		E7137C901DCE8DDD0070BA97 /* BMICalculator.swift */ = {isa = PBXFileReference; fileEncoding = 4; lastKnownFileType = sourcecode.swift; path = BMICalculator.swift; sourceTree = "<group>"; };
		E7137C921DCE95680070BA97 /* WeightConverter.swift */ = {isa = PBXFileReference; fileEncoding = 4; lastKnownFileType = sourcecode.swift; path = WeightConverter.swift; sourceTree = "<group>"; };
		E7137C941DCEB5DA0070BA97 /* BloodResultsRanges.swift */ = {isa = PBXFileReference; fileEncoding = 4; lastKnownFileType = sourcecode.swift; path = BloodResultsRanges.swift; sourceTree = "<group>"; };
		E7137C961DCEB7F10070BA97 /* BloodResultsTableCell.swift */ = {isa = PBXFileReference; fileEncoding = 4; lastKnownFileType = sourcecode.swift; path = BloodResultsTableCell.swift; sourceTree = "<group>"; };
		E74B87A51DD347020079DAB9 /* FluidVolumeCalculator.swift */ = {isa = PBXFileReference; fileEncoding = 4; lastKnownFileType = sourcecode.swift; path = FluidVolumeCalculator.swift; sourceTree = "<group>"; };
		E74B87A71DD34C210079DAB9 /* FluidBalanceCell.swift */ = {isa = PBXFileReference; fileEncoding = 4; lastKnownFileType = sourcecode.swift; path = FluidBalanceCell.swift; sourceTree = "<group>"; };
		E74B87A91DD3EAD90079DAB9 /* VenousThromboEmbolismVC.swift */ = {isa = PBXFileReference; fileEncoding = 4; lastKnownFileType = sourcecode.swift; path = VenousThromboEmbolismVC.swift; sourceTree = "<group>"; };
		E74B87B01DD5CCAD0079DAB9 /* Algorythm.swift */ = {isa = PBXFileReference; fileEncoding = 4; lastKnownFileType = sourcecode.swift; path = Algorythm.swift; sourceTree = "<group>"; };
		E761B3451DD8F7D6006E17D6 /* VTEScoreCell.swift */ = {isa = PBXFileReference; fileEncoding = 4; lastKnownFileType = sourcecode.swift; path = VTEScoreCell.swift; sourceTree = "<group>"; };
		E7CE5D701DD5D53D0052116F /* BorderedLabel.swift */ = {isa = PBXFileReference; fileEncoding = 4; lastKnownFileType = sourcecode.swift; path = BorderedLabel.swift; sourceTree = "<group>"; };
		E7CE5D741DD5D7810052116F /* ColouredLabel.swift */ = {isa = PBXFileReference; fileEncoding = 4; lastKnownFileType = sourcecode.swift; path = ColouredLabel.swift; sourceTree = "<group>"; };
		E7CE5D761DD5DA520052116F /* DownArrowImage.swift */ = {isa = PBXFileReference; fileEncoding = 4; lastKnownFileType = sourcecode.swift; path = DownArrowImage.swift; sourceTree = "<group>"; };
		E7CE5D781DD5DC900052116F /* YesNoSegmentedControl.swift */ = {isa = PBXFileReference; fileEncoding = 4; lastKnownFileType = sourcecode.swift; path = YesNoSegmentedControl.swift; sourceTree = "<group>"; };
		E7CE5D7C1DD79F6F0052116F /* QuestionComplex.swift */ = {isa = PBXFileReference; fileEncoding = 4; lastKnownFileType = sourcecode.swift; path = QuestionComplex.swift; sourceTree = "<group>"; };
/* End PBXFileReference section */

/* Begin PBXFrameworksBuildPhase section */
		E7137C721DCE56D20070BA97 /* Frameworks */ = {
			isa = PBXFrameworksBuildPhase;
			buildActionMask = 2147483647;
			files = (
			);
			runOnlyForDeploymentPostprocessing = 0;
		};
/* End PBXFrameworksBuildPhase section */

/* Begin PBXGroup section */
		E7137C6C1DCE56D20070BA97 = {
			isa = PBXGroup;
			children = (
				E7137C771DCE56D20070BA97 /* Maternity Care Companion */,
				E7137C761DCE56D20070BA97 /* Products */,
			);
			sourceTree = "<group>";
		};
		E7137C761DCE56D20070BA97 /* Products */ = {
			isa = PBXGroup;
			children = (
				E7137C751DCE56D20070BA97 /* Maternity Care Companion.app */,
			);
			name = Products;
			sourceTree = "<group>";
		};
		E7137C771DCE56D20070BA97 /* Maternity Care Companion */ = {
			isa = PBXGroup;
			children = (
				E74B87AB1DD455F10079DAB9 /* Model */,
				E7137C8B1DCE58D00070BA97 /* Controller */,
				E7137C8A1DCE58C70070BA97 /* View */,
				E7137C781DCE56D20070BA97 /* AppDelegate.swift */,
				E7137C7F1DCE56D20070BA97 /* Assets.xcassets */,
				E7137C811DCE56D20070BA97 /* LaunchScreen.storyboard */,
				E7137C841DCE56D20070BA97 /* Info.plist */,
			);
			path = "Maternity Care Companion";
			sourceTree = "<group>";
		};
		E7137C8A1DCE58C70070BA97 /* View */ = {
			isa = PBXGroup;
			children = (
				E7137C7C1DCE56D20070BA97 /* Main.storyboard */,
				E7137C961DCEB7F10070BA97 /* BloodResultsTableCell.swift */,
				E74B87A71DD34C210079DAB9 /* FluidBalanceCell.swift */,
				E761B3451DD8F7D6006E17D6 /* VTEScoreCell.swift */,
			);
			name = View;
			sourceTree = "<group>";
		};
		E7137C8B1DCE58D00070BA97 /* Controller */ = {
			isa = PBXGroup;
			children = (
				E7137C7A1DCE56D20070BA97 /* ViewController.swift */,
				E7137C8C1DCE58F10070BA97 /* GestationalAgeCalculator.swift */,
				E7137C8E1DCE87990070BA97 /* BishopScoreCalculator.swift */,
				E7137C901DCE8DDD0070BA97 /* BMICalculator.swift */,
				E7137C921DCE95680070BA97 /* WeightConverter.swift */,
				E7137C941DCEB5DA0070BA97 /* BloodResultsRanges.swift */,
				E74B87A51DD347020079DAB9 /* FluidVolumeCalculator.swift */,
				E74B87A91DD3EAD90079DAB9 /* VenousThromboEmbolismVC.swift */,
			);
			name = Controller;
			sourceTree = "<group>";
		};
		E74B87AB1DD455F10079DAB9 /* Model */ = {
			isa = PBXGroup;
			children = (
				E74B87B01DD5CCAD0079DAB9 /* Algorythm.swift */,
				E7CE5D701DD5D53D0052116F /* BorderedLabel.swift */,
				E7CE5D741DD5D7810052116F /* ColouredLabel.swift */,
				E7CE5D761DD5DA520052116F /* DownArrowImage.swift */,
				E7CE5D781DD5DC900052116F /* YesNoSegmentedControl.swift */,
				E7CE5D7C1DD79F6F0052116F /* QuestionComplex.swift */,
			);
			name = Model;
			sourceTree = "<group>";
		};
/* End PBXGroup section */

/* Begin PBXNativeTarget section */
		E7137C741DCE56D20070BA97 /* Maternity Care Companion */ = {
			isa = PBXNativeTarget;
			buildConfigurationList = E7137C871DCE56D20070BA97 /* Build configuration list for PBXNativeTarget "Maternity Care Companion" */;
			buildPhases = (
				E7137C711DCE56D20070BA97 /* Sources */,
				E7137C721DCE56D20070BA97 /* Frameworks */,
				E7137C731DCE56D20070BA97 /* Resources */,
			);
			buildRules = (
			);
			dependencies = (
			);
			name = "Maternity Care Companion";
			productName = "Maternity Care Companion";
			productReference = E7137C751DCE56D20070BA97 /* Maternity Care Companion.app */;
			productType = "com.apple.product-type.application";
		};
/* End PBXNativeTarget section */

/* Begin PBXProject section */
		E7137C6D1DCE56D20070BA97 /* Project object */ = {
			isa = PBXProject;
			attributes = {
				LastSwiftUpdateCheck = 0810;
				LastUpgradeCheck = 0810;
				ORGANIZATIONNAME = "Ahmed Zaima";
				TargetAttributes = {
					E7137C741DCE56D20070BA97 = {
						CreatedOnToolsVersion = 8.1;
						DevelopmentTeam = 9MT4EUS42Y;
						ProvisioningStyle = Automatic;
					};
				};
			};
			buildConfigurationList = E7137C701DCE56D20070BA97 /* Build configuration list for PBXProject "Maternity Care Companion" */;
			compatibilityVersion = "Xcode 3.2";
			developmentRegion = English;
			hasScannedForEncodings = 0;
			knownRegions = (
				en,
				Base,
			);
			mainGroup = E7137C6C1DCE56D20070BA97;
			productRefGroup = E7137C761DCE56D20070BA97 /* Products */;
			projectDirPath = "";
			projectRoot = "";
			targets = (
				E7137C741DCE56D20070BA97 /* Maternity Care Companion */,
			);
		};
/* End PBXProject section */

/* Begin PBXResourcesBuildPhase section */
		E7137C731DCE56D20070BA97 /* Resources */ = {
			isa = PBXResourcesBuildPhase;
			buildActionMask = 2147483647;
			files = (
				E7137C831DCE56D20070BA97 /* LaunchScreen.storyboard in Resources */,
				E7137C801DCE56D20070BA97 /* Assets.xcassets in Resources */,
				E7137C7E1DCE56D20070BA97 /* Main.storyboard in Resources */,
			);
			runOnlyForDeploymentPostprocessing = 0;
		};
/* End PBXResourcesBuildPhase section */

/* Begin PBXSourcesBuildPhase section */
		E7137C711DCE56D20070BA97 /* Sources */ = {
			isa = PBXSourcesBuildPhase;
			buildActionMask = 2147483647;
			files = (
				E761B3461DD8F7D6006E17D6 /* VTEScoreCell.swift in Sources */,
				E7137C971DCEB7F10070BA97 /* BloodResultsTableCell.swift in Sources */,
				E7CE5D7D1DD79F6F0052116F /* QuestionComplex.swift in Sources */,
				E7CE5D791DD5DC900052116F /* YesNoSegmentedControl.swift in Sources */,
				E7137C8D1DCE58F10070BA97 /* GestationalAgeCalculator.swift in Sources */,
				E7137C8F1DCE87990070BA97 /* BishopScoreCalculator.swift in Sources */,
				E7CE5D751DD5D7810052116F /* ColouredLabel.swift in Sources */,
				E74B87AA1DD3EAD90079DAB9 /* VenousThromboEmbolismVC.swift in Sources */,
				E7137C911DCE8DDD0070BA97 /* BMICalculator.swift in Sources */,
				E7137C7B1DCE56D20070BA97 /* ViewController.swift in Sources */,
				E7137C931DCE95680070BA97 /* WeightConverter.swift in Sources */,
				E74B87A61DD347020079DAB9 /* FluidVolumeCalculator.swift in Sources */,
				E7137C791DCE56D20070BA97 /* AppDelegate.swift in Sources */,
				E7CE5D711DD5D53D0052116F /* BorderedLabel.swift in Sources */,
				E74B87B11DD5CCAD0079DAB9 /* Algorythm.swift in Sources */,
				E7137C951DCEB5DA0070BA97 /* BloodResultsRanges.swift in Sources */,
				E7CE5D771DD5DA520052116F /* DownArrowImage.swift in Sources */,
				E74B87A81DD34C210079DAB9 /* FluidBalanceCell.swift in Sources */,
			);
			runOnlyForDeploymentPostprocessing = 0;
		};
/* End PBXSourcesBuildPhase section */

/* Begin PBXVariantGroup section */
		E7137C7C1DCE56D20070BA97 /* Main.storyboard */ = {
			isa = PBXVariantGroup;
			children = (
				E7137C7D1DCE56D20070BA97 /* Base */,
			);
			name = Main.storyboard;
			sourceTree = "<group>";
		};
		E7137C811DCE56D20070BA97 /* LaunchScreen.storyboard */ = {
			isa = PBXVariantGroup;
			children = (
				E7137C821DCE56D20070BA97 /* Base */,
			);
			name = LaunchScreen.storyboard;
			sourceTree = "<group>";
		};
/* End PBXVariantGroup section */

/* Begin XCBuildConfiguration section */
		E7137C851DCE56D20070BA97 /* Debug */ = {
			isa = XCBuildConfiguration;
			buildSettings = {
				ALWAYS_SEARCH_USER_PATHS = NO;
				CLANG_ANALYZER_NONNULL = YES;
				CLANG_CXX_LANGUAGE_STANDARD = "gnu++0x";
				CLANG_CXX_LIBRARY = "libc++";
				CLANG_ENABLE_MODULES = YES;
				CLANG_ENABLE_OBJC_ARC = YES;
				CLANG_WARN_BOOL_CONVERSION = YES;
				CLANG_WARN_CONSTANT_CONVERSION = YES;
				CLANG_WARN_DIRECT_OBJC_ISA_USAGE = YES_ERROR;
				CLANG_WARN_DOCUMENTATION_COMMENTS = YES;
				CLANG_WARN_EMPTY_BODY = YES;
				CLANG_WARN_ENUM_CONVERSION = YES;
				CLANG_WARN_INFINITE_RECURSION = YES;
				CLANG_WARN_INT_CONVERSION = YES;
				CLANG_WARN_OBJC_ROOT_CLASS = YES_ERROR;
				CLANG_WARN_SUSPICIOUS_MOVES = YES;
				CLANG_WARN_UNREACHABLE_CODE = YES;
				CLANG_WARN__DUPLICATE_METHOD_MATCH = YES;
				"CODE_SIGN_IDENTITY[sdk=iphoneos*]" = "iPhone Developer";
				COPY_PHASE_STRIP = NO;
				DEBUG_INFORMATION_FORMAT = dwarf;
				ENABLE_STRICT_OBJC_MSGSEND = YES;
				ENABLE_TESTABILITY = YES;
				GCC_C_LANGUAGE_STANDARD = gnu99;
				GCC_DYNAMIC_NO_PIC = NO;
				GCC_NO_COMMON_BLOCKS = YES;
				GCC_OPTIMIZATION_LEVEL = 0;
				GCC_PREPROCESSOR_DEFINITIONS = (
					"DEBUG=1",
					"$(inherited)",
				);
				GCC_WARN_64_TO_32_BIT_CONVERSION = YES;
				GCC_WARN_ABOUT_RETURN_TYPE = YES_ERROR;
				GCC_WARN_UNDECLARED_SELECTOR = YES;
				GCC_WARN_UNINITIALIZED_AUTOS = YES_AGGRESSIVE;
				GCC_WARN_UNUSED_FUNCTION = YES;
				GCC_WARN_UNUSED_VARIABLE = YES;
				IPHONEOS_DEPLOYMENT_TARGET = 10.1;
				MTL_ENABLE_DEBUG_INFO = YES;
				ONLY_ACTIVE_ARCH = YES;
				SDKROOT = iphoneos;
				SWIFT_ACTIVE_COMPILATION_CONDITIONS = DEBUG;
				SWIFT_OPTIMIZATION_LEVEL = "-Onone";
				TARGETED_DEVICE_FAMILY = "1,2";
			};
			name = Debug;
		};
		E7137C861DCE56D20070BA97 /* Release */ = {
			isa = XCBuildConfiguration;
			buildSettings = {
				ALWAYS_SEARCH_USER_PATHS = NO;
				CLANG_ANALYZER_NONNULL = YES;
				CLANG_CXX_LANGUAGE_STANDARD = "gnu++0x";
				CLANG_CXX_LIBRARY = "libc++";
				CLANG_ENABLE_MODULES = YES;
				CLANG_ENABLE_OBJC_ARC = YES;
				CLANG_WARN_BOOL_CONVERSION = YES;
				CLANG_WARN_CONSTANT_CONVERSION = YES;
				CLANG_WARN_DIRECT_OBJC_ISA_USAGE = YES_ERROR;
				CLANG_WARN_DOCUMENTATION_COMMENTS = YES;
				CLANG_WARN_EMPTY_BODY = YES;
				CLANG_WARN_ENUM_CONVERSION = YES;
				CLANG_WARN_INFINITE_RECURSION = YES;
				CLANG_WARN_INT_CONVERSION = YES;
				CLANG_WARN_OBJC_ROOT_CLASS = YES_ERROR;
				CLANG_WARN_SUSPICIOUS_MOVES = YES;
				CLANG_WARN_UNREACHABLE_CODE = YES;
				CLANG_WARN__DUPLICATE_METHOD_MATCH = YES;
				"CODE_SIGN_IDENTITY[sdk=iphoneos*]" = "iPhone Developer";
				COPY_PHASE_STRIP = NO;
				DEBUG_INFORMATION_FORMAT = "dwarf-with-dsym";
				ENABLE_NS_ASSERTIONS = NO;
				ENABLE_STRICT_OBJC_MSGSEND = YES;
				GCC_C_LANGUAGE_STANDARD = gnu99;
				GCC_NO_COMMON_BLOCKS = YES;
				GCC_WARN_64_TO_32_BIT_CONVERSION = YES;
				GCC_WARN_ABOUT_RETURN_TYPE = YES_ERROR;
				GCC_WARN_UNDECLARED_SELECTOR = YES;
				GCC_WARN_UNINITIALIZED_AUTOS = YES_AGGRESSIVE;
				GCC_WARN_UNUSED_FUNCTION = YES;
				GCC_WARN_UNUSED_VARIABLE = YES;
				IPHONEOS_DEPLOYMENT_TARGET = 10.1;
				MTL_ENABLE_DEBUG_INFO = NO;
				SDKROOT = iphoneos;
				SWIFT_OPTIMIZATION_LEVEL = "-Owholemodule";
				TARGETED_DEVICE_FAMILY = "1,2";
				VALIDATE_PRODUCT = YES;
			};
			name = Release;
		};
		E7137C881DCE56D20070BA97 /* Debug */ = {
			isa = XCBuildConfiguration;
			buildSettings = {
				ASSETCATALOG_COMPILER_APPICON_NAME = AppIcon;
				CODE_SIGN_IDENTITY = "iPhone Developer";
				"CODE_SIGN_IDENTITY[sdk=iphoneos*]" = "iPhone Developer";
				DEVELOPMENT_TEAM = 9MT4EUS42Y;
				INFOPLIST_FILE = "Maternity Care Companion/Info.plist";
				IPHONEOS_DEPLOYMENT_TARGET = 9.3;
				LD_RUNPATH_SEARCH_PATHS = "$(inherited) @executable_path/Frameworks";
				PRODUCT_BUNDLE_IDENTIFIER = "Zaima.Maternity-Care-Companion";
				PRODUCT_NAME = "$(TARGET_NAME)";
				PROVISIONING_PROFILE = "";
				PROVISIONING_PROFILE_SPECIFIER = "";
				SWIFT_VERSION = 3.0.1;
			};
			name = Debug;
		};
		E7137C891DCE56D20070BA97 /* Release */ = {
			isa = XCBuildConfiguration;
			buildSettings = {
				ASSETCATALOG_COMPILER_APPICON_NAME = AppIcon;
				CODE_SIGN_IDENTITY = "iPhone Developer";
				"CODE_SIGN_IDENTITY[sdk=iphoneos*]" = "iPhone Developer";
				DEVELOPMENT_TEAM = 9MT4EUS42Y;
				INFOPLIST_FILE = "Maternity Care Companion/Info.plist";
				IPHONEOS_DEPLOYMENT_TARGET = 9.3;
				LD_RUNPATH_SEARCH_PATHS = "$(inherited) @executable_path/Frameworks";
				PRODUCT_BUNDLE_IDENTIFIER = "Zaima.Maternity-Care-Companion";
				PRODUCT_NAME = "$(TARGET_NAME)";
				PROVISIONING_PROFILE = "";
				PROVISIONING_PROFILE_SPECIFIER = "";
				SWIFT_VERSION = 3.0.1;
			};
			name = Release;
		};
/* End XCBuildConfiguration section */

/* Begin XCConfigurationList section */
		E7137C701DCE56D20070BA97 /* Build configuration list for PBXProject "Maternity Care Companion" */ = {
			isa = XCConfigurationList;
			buildConfigurations = (
				E7137C851DCE56D20070BA97 /* Debug */,
				E7137C861DCE56D20070BA97 /* Release */,
			);
			defaultConfigurationIsVisible = 0;
			defaultConfigurationName = Release;
		};
		E7137C871DCE56D20070BA97 /* Build configuration list for PBXNativeTarget "Maternity Care Companion" */ = {
			isa = XCConfigurationList;
			buildConfigurations = (
				E7137C881DCE56D20070BA97 /* Debug */,
				E7137C891DCE56D20070BA97 /* Release */,
			);
			defaultConfigurationIsVisible = 0;
			defaultConfigurationName = Release;
		};
/* End XCConfigurationList section */
	};
	rootObject = E7137C6D1DCE56D20070BA97 /* Project object */;
}
